<Solution>
  <Configurations>
    <Platform Name="Any CPU" />
    <Platform Name="x86" />
  </Configurations>
  <Folder Name="/Libraries/" />
  <Folder Name="/Libraries/Twitch/">
    <Project Path="Twitch/Twitch.Base/Twitch.Base.csproj" />
    <Project Path="Twitch/Twitch.Extensions.Base/Twitch.Extensions.Base.csproj" />
    <Project Path="Twitch/Twitch.Webhooks.Base/Twitch.Webhooks.Base.csproj" />
  </Folder>
  <Folder Name="/Samples/" />
  <Folder Name="/Samples/Twitch/">
    <Project Path="Twitch/Samples/Twitch.ChatSample.Console/Twitch.ChatSample.Console.csproj" />
    <Project Path="Twitch/Samples/Twitch.ExtensionSample.API/Twitch.ExtensionSample.API.csproj" />
    <Project Path="Twitch/Samples/Twitch.PubSubSample.Console/Twitch.PubSubSample.Console.csproj" />
    <Project Path="Twitch/Samples/Twitch.WebhooksSample.API/Twitch.WebhooksSample.API.csproj" />
  </Folder>
  <Folder Name="/Solution Items/">
    <File Path="../.travis.yml" />
    <File Path="../LICENSE.txt" />
    <File Path="../README.md" />
  </Folder>
  <Project Path="StreamingClient.Base/StreamingClient.Base.csproj" />
</Solution>
